
Microsoft Visual Studio Solution File, Format Version 12.00
# Visual Studio Version 17
VisualStudioVersion = 17.4.33213.308
MinimumVisualStudioVersion = 10.0.40219.1
Project("{FAE04EC0-301F-11D3-BF4B-00C04F79EFBC}") = "WebApplication1", "WebApplication1\WebApplication1.csproj", "{55C7633C-34B5-488D-8122-B0F7A10CE78B}"
EndProject
Global
	GlobalSection(SolutionConfigurationPlatforms) = preSolution
		Debug|Any CPU = Debug|Any CPU
		Release|Any CPU = Release|Any CPU
	EndGlobalSection
	GlobalSection(ProjectConfigurationPlatforms) = postSolution
		{55C7633C-34B5-488D-8122-B0F7A10CE78B}.Debug|Any CPU.ActiveCfg = Debug|Any CPU
		{55C7633C-34B5-488D-8122-B0F7A10CE78B}.Debug|Any CPU.Build.0 = Debug|Any CPU
		{55C7633C-34B5-488D-8122-B0F7A10CE78B}.Release|Any CPU.ActiveCfg = Release|Any CPU
		{55C7633C-34B5-488D-8122-B0F7A10CE78B}.Release|Any CPU.Build.0 = Release|Any CPU
	EndGlobalSection
	GlobalSection(SolutionProperties) = preSolution
		HideSolutionNode = FALSE
	EndGlobalSection
	GlobalSection(ExtensibilityGlobals) = postSolution
		SolutionGuid = {88FEAC16-267D-4178-86FE-D3CF83614DD2}
	EndGlobalSection
EndGlobal
